
Microsoft Visual Studio Solution File, Format Version 12.00
# Visual Studio Version 17
VisualStudioVersion = 17.11.35222.181
MinimumVisualStudioVersion = 10.0.40219.1
Project("{8BC9CEB8-8B4A-11D0-8D11-00A0C91BC942}") = "36Project", "Week35Project\Week35Project.vcxproj", "{1108E400-2CCD-4980-B3F1-FC33C41C410A}"
EndProject
Project("{8BC9CEB8-8B4A-11D0-8D11-00A0C91BC942}") = "TestProject", "TestProject\TestProject.vcxproj", "{1CF1DD64-FCAD-415B-948C-BAF557AB2DEA}"
EndProject
Global
	GlobalSection(SolutionConfigurationPlatforms) = preSolution
		Debug|x64 = Debug|x64
		Debug|x86 = Debug|x86
		Release|x64 = Release|x64
		Release|x86 = Release|x86
	EndGlobalSection
	GlobalSection(ProjectConfigurationPlatforms) = postSolution
		{1108E400-2CCD-4980-B3F1-FC33C41C410A}.Debug|x64.ActiveCfg = Debug|x64
		{1108E400-2CCD-4980-B3F1-FC33C41C410A}.Debug|x64.Build.0 = Debug|x64
		{1108E400-2CCD-4980-B3F1-FC33C41C410A}.Debug|x86.ActiveCfg = Debug|Win32
		{1108E400-2CCD-4980-B3F1-FC33C41C410A}.Debug|x86.Build.0 = Debug|Win32
		{1108E400-2CCD-4980-B3F1-FC33C41C410A}.Release|x64.ActiveCfg = Release|x64
		{1108E400-2CCD-4980-B3F1-FC33C41C410A}.Release|x64.Build.0 = Release|x64
		{1108E400-2CCD-4980-B3F1-FC33C41C410A}.Release|x86.ActiveCfg = Release|Win32
		{1108E400-2CCD-4980-B3F1-FC33C41C410A}.Release|x86.Build.0 = Release|Win32
		{1CF1DD64-FCAD-415B-948C-BAF557AB2DEA}.Debug|x64.ActiveCfg = Debug|x64
		{1CF1DD64-FCAD-415B-948C-BAF557AB2DEA}.Debug|x64.Build.0 = Debug|x64
		{1CF1DD64-FCAD-415B-948C-BAF557AB2DEA}.Debug|x86.ActiveCfg = Debug|Win32
		{1CF1DD64-FCAD-415B-948C-BAF557AB2DEA}.Debug|x86.Build.0 = Debug|Win32
		{1CF1DD64-FCAD-415B-948C-BAF557AB2DEA}.Release|x64.ActiveCfg = Release|x64
		{1CF1DD64-FCAD-415B-948C-BAF557AB2DEA}.Release|x64.Build.0 = Release|x64
		{1CF1DD64-FCAD-415B-948C-BAF557AB2DEA}.Release|x86.ActiveCfg = Release|Win32
		{1CF1DD64-FCAD-415B-948C-BAF557AB2DEA}.Release|x86.Build.0 = Release|Win32
	EndGlobalSection
	GlobalSection(SolutionProperties) = preSolution
		HideSolutionNode = FALSE
	EndGlobalSection
	GlobalSection(ExtensibilityGlobals) = postSolution
		SolutionGuid = {AE89B1D3-F00F-4D82-8728-2E0C33D0CDF0}
	EndGlobalSection
EndGlobal
